
Microsoft Visual Studio Solution File, Format Version 12.00
# Visual Studio Version 17
VisualStudioVersion = 17.9.34622.214
MinimumVisualStudioVersion = 10.0.40219.1
Project("{FAE04EC0-301F-11D3-BF4B-00C04F79EFBC}") = "DataBaseSQLConnectedSignUpXample", "DataBaseSQLConnectedSignUpXample.csproj", "{2E7F29D7-454B-49C2-B82D-3C163D805AF8}"
EndProject
Global
	GlobalSection(SolutionConfigurationPlatforms) = preSolution
		Debug|Any CPU = Debug|Any CPU
		Release|Any CPU = Release|Any CPU
	EndGlobalSection
	GlobalSection(ProjectConfigurationPlatforms) = postSolution
		{2E7F29D7-454B-49C2-B82D-3C163D805AF8}.Debug|Any CPU.ActiveCfg = Debug|Any CPU
		{2E7F29D7-454B-49C2-B82D-3C163D805AF8}.Debug|Any CPU.Build.0 = Debug|Any CPU
		{2E7F29D7-454B-49C2-B82D-3C163D805AF8}.Release|Any CPU.ActiveCfg = Release|Any CPU
		{2E7F29D7-454B-49C2-B82D-3C163D805AF8}.Release|Any CPU.Build.0 = Release|Any CPU
	EndGlobalSection
	GlobalSection(SolutionProperties) = preSolution
		HideSolutionNode = FALSE
	EndGlobalSection
	GlobalSection(ExtensibilityGlobals) = postSolution
		SolutionGuid = {9284F3FF-B314-4A9F-B534-0B976D334AB7}
	EndGlobalSection
EndGlobal
